// !$*UTF8*$!
{
	archiveVersion = 1;
	classes = {
	};
	objectVersion = 50;
	objects = {

/* Begin PBXBuildFile section */
		BD86A97D26DCEAC200DD4C22 /* UIViewController+.swift in Sources */ = {isa = PBXBuildFile; fileRef = BD86A97C26DCEAC200DD4C22 /* UIViewController+.swift */; };
		BD86A98226DCF72A00DD4C22 /* AddPlayerViewController.swift in Sources */ = {isa = PBXBuildFile; fileRef = BD86A98126DCF72A00DD4C22 /* AddPlayerViewController.swift */; };
		BD86A98626DCF77F00DD4C22 /* AddPlayerView.swift in Sources */ = {isa = PBXBuildFile; fileRef = BD86A98526DCF77F00DD4C22 /* AddPlayerView.swift */; };
		BD86A98A26DD06C800DD4C22 /* GameProcessViewController.swift in Sources */ = {isa = PBXBuildFile; fileRef = BD86A98926DD06C800DD4C22 /* GameProcessViewController.swift */; };
		BD86A98E26DD072100DD4C22 /* GameProcessView.swift in Sources */ = {isa = PBXBuildFile; fileRef = BD86A98D26DD072100DD4C22 /* GameProcessView.swift */; };
		DA39FCD426D7EF08003CE67A /* AppDelegate.swift in Sources */ = {isa = PBXBuildFile; fileRef = DA39FCD326D7EF08003CE67A /* AppDelegate.swift */; };
		DA39FCDD26D7EF08003CE67A /* Assets.xcassets in Resources */ = {isa = PBXBuildFile; fileRef = DA39FCDC26D7EF08003CE67A /* Assets.xcassets */; };
		DA39FCE026D7EF08003CE67A /* LaunchScreen.storyboard in Resources */ = {isa = PBXBuildFile; fileRef = DA39FCDE26D7EF08003CE67A /* LaunchScreen.storyboard */; };
		DA39FCEA26D7F6B2003CE67A /* NewGameViewController.swift in Sources */ = {isa = PBXBuildFile; fileRef = DA39FCE926D7F6B2003CE67A /* NewGameViewController.swift */; };
		DA39FCFB26D7F75E003CE67A /* Nunito-ExtraBold.ttf in Resources */ = {isa = PBXBuildFile; fileRef = DA39FCEC26D7F75E003CE67A /* Nunito-ExtraBold.ttf */; };
		DA39FCFC26D7F75E003CE67A /* Nunito-BlackItalic.ttf in Resources */ = {isa = PBXBuildFile; fileRef = DA39FCED26D7F75E003CE67A /* Nunito-BlackItalic.ttf */; };
		DA39FCFD26D7F75E003CE67A /* OFL.txt in Resources */ = {isa = PBXBuildFile; fileRef = DA39FCEE26D7F75E003CE67A /* OFL.txt */; };
		DA39FCFE26D7F75E003CE67A /* Nunito-ExtraBoldItalic.ttf in Resources */ = {isa = PBXBuildFile; fileRef = DA39FCEF26D7F75E003CE67A /* Nunito-ExtraBoldItalic.ttf */; };
		DA39FCFF26D7F75E003CE67A /* Nunito-Light.ttf in Resources */ = {isa = PBXBuildFile; fileRef = DA39FCF026D7F75E003CE67A /* Nunito-Light.ttf */; };
		DA39FD0026D7F75E003CE67A /* Nunito-SemiBold.ttf in Resources */ = {isa = PBXBuildFile; fileRef = DA39FCF126D7F75E003CE67A /* Nunito-SemiBold.ttf */; };
		DA39FD0126D7F75E003CE67A /* Nunito-Regular.ttf in Resources */ = {isa = PBXBuildFile; fileRef = DA39FCF226D7F75E003CE67A /* Nunito-Regular.ttf */; };
		DA39FD0226D7F75E003CE67A /* Nunito-Italic.ttf in Resources */ = {isa = PBXBuildFile; fileRef = DA39FCF326D7F75E003CE67A /* Nunito-Italic.ttf */; };
		DA39FD0326D7F75E003CE67A /* Nunito-Black.ttf in Resources */ = {isa = PBXBuildFile; fileRef = DA39FCF426D7F75E003CE67A /* Nunito-Black.ttf */; };
		DA39FD0426D7F75E003CE67A /* Nunito-Bold.ttf in Resources */ = {isa = PBXBuildFile; fileRef = DA39FCF526D7F75E003CE67A /* Nunito-Bold.ttf */; };
		DA39FD0526D7F75E003CE67A /* Nunito-BoldItalic.ttf in Resources */ = {isa = PBXBuildFile; fileRef = DA39FCF626D7F75E003CE67A /* Nunito-BoldItalic.ttf */; };
		DA39FD0626D7F75E003CE67A /* Nunito-ExtraLight.ttf in Resources */ = {isa = PBXBuildFile; fileRef = DA39FCF726D7F75E003CE67A /* Nunito-ExtraLight.ttf */; };
		DA39FD0726D7F75E003CE67A /* Nunito-ExtraLightItalic.ttf in Resources */ = {isa = PBXBuildFile; fileRef = DA39FCF826D7F75E003CE67A /* Nunito-ExtraLightItalic.ttf */; };
		DA39FD0826D7F75E003CE67A /* Nunito-LightItalic.ttf in Resources */ = {isa = PBXBuildFile; fileRef = DA39FCF926D7F75E003CE67A /* Nunito-LightItalic.ttf */; };
		DA39FD0926D7F75E003CE67A /* Nunito-SemiBoldItalic.ttf in Resources */ = {isa = PBXBuildFile; fileRef = DA39FCFA26D7F75E003CE67A /* Nunito-SemiBoldItalic.ttf */; };
		DA39FD0C26D7F897003CE67A /* UIFont+.swift in Sources */ = {isa = PBXBuildFile; fileRef = DA39FD0B26D7F897003CE67A /* UIFont+.swift */; };
		DA39FD0E26D7FB9F003CE67A /* NewGameView.swift in Sources */ = {isa = PBXBuildFile; fileRef = DA39FD0D26D7FB9F003CE67A /* NewGameView.swift */; };
		DA39FD1026D7FBEA003CE67A /* UILabel+.swift in Sources */ = {isa = PBXBuildFile; fileRef = DA39FD0F26D7FBEA003CE67A /* UILabel+.swift */; };
		DA39FD1226D7FE2D003CE67A /* UIView+.swift in Sources */ = {isa = PBXBuildFile; fileRef = DA39FD1126D7FE2D003CE67A /* UIView+.swift */; };
		DA39FD1426D8C5C7003CE67A /* UIColor+.swift in Sources */ = {isa = PBXBuildFile; fileRef = DA39FD1326D8C5C7003CE67A /* UIColor+.swift */; };
		DA39FD1D26D8CAAB003CE67A /* PushButton.swift in Sources */ = {isa = PBXBuildFile; fileRef = DA39FD1C26D8CAAB003CE67A /* PushButton.swift */; };
		DA39FD1F26D8CB50003CE67A /* UIImage+.swift in Sources */ = {isa = PBXBuildFile; fileRef = DA39FD1E26D8CB50003CE67A /* UIImage+.swift */; };
		DA39FD2126D8CE94003CE67A /* CGFloat+.swift in Sources */ = {isa = PBXBuildFile; fileRef = DA39FD2026D8CE94003CE67A /* CGFloat+.swift */; };
		DA39FD2426D8D0AE003CE67A /* NewGamePlayerCell.swift in Sources */ = {isa = PBXBuildFile; fileRef = DA39FD2326D8D0AE003CE67A /* NewGamePlayerCell.swift */; };
		DA39FD2626D8E4B2003CE67A /* SelfSizingTableView.swift in Sources */ = {isa = PBXBuildFile; fileRef = DA39FD2526D8E4B2003CE67A /* SelfSizingTableView.swift */; };
		DA39FD2826D8EF97003CE67A /* UITableViewCell+.swift in Sources */ = {isa = PBXBuildFile; fileRef = DA39FD2726D8EF97003CE67A /* UITableViewCell+.swift */; };
		DA39FD2A26D8FA13003CE67A /* NewGameViewModel.swift in Sources */ = {isa = PBXBuildFile; fileRef = DA39FD2926D8FA13003CE67A /* NewGameViewModel.swift */; };
/* End PBXBuildFile section */

/* Begin PBXFileReference section */
		BD86A97C26DCEAC200DD4C22 /* UIViewController+.swift */ = {isa = PBXFileReference; lastKnownFileType = sourcecode.swift; path = "UIViewController+.swift"; sourceTree = "<group>"; };
		BD86A98126DCF72A00DD4C22 /* AddPlayerViewController.swift */ = {isa = PBXFileReference; lastKnownFileType = sourcecode.swift; path = AddPlayerViewController.swift; sourceTree = "<group>"; };
		BD86A98526DCF77F00DD4C22 /* AddPlayerView.swift */ = {isa = PBXFileReference; lastKnownFileType = sourcecode.swift; path = AddPlayerView.swift; sourceTree = "<group>"; };
		BD86A98926DD06C800DD4C22 /* GameProcessViewController.swift */ = {isa = PBXFileReference; lastKnownFileType = sourcecode.swift; path = GameProcessViewController.swift; sourceTree = "<group>"; };
		BD86A98D26DD072100DD4C22 /* GameProcessView.swift */ = {isa = PBXFileReference; lastKnownFileType = sourcecode.swift; path = GameProcessView.swift; sourceTree = "<group>"; };
		DA39FCD026D7EF08003CE67A /* RSSchool_T10.app */ = {isa = PBXFileReference; explicitFileType = wrapper.application; includeInIndex = 0; path = RSSchool_T10.app; sourceTree = BUILT_PRODUCTS_DIR; };
		DA39FCD326D7EF08003CE67A /* AppDelegate.swift */ = {isa = PBXFileReference; lastKnownFileType = sourcecode.swift; path = AppDelegate.swift; sourceTree = "<group>"; };
		DA39FCDC26D7EF08003CE67A /* Assets.xcassets */ = {isa = PBXFileReference; lastKnownFileType = folder.assetcatalog; path = Assets.xcassets; sourceTree = "<group>"; };
		DA39FCDF26D7EF08003CE67A /* Base */ = {isa = PBXFileReference; lastKnownFileType = file.storyboard; name = Base; path = Base.lproj/LaunchScreen.storyboard; sourceTree = "<group>"; };
		DA39FCE126D7EF08003CE67A /* Info.plist */ = {isa = PBXFileReference; lastKnownFileType = text.plist.xml; path = Info.plist; sourceTree = "<group>"; };
		DA39FCE926D7F6B2003CE67A /* NewGameViewController.swift */ = {isa = PBXFileReference; lastKnownFileType = sourcecode.swift; path = NewGameViewController.swift; sourceTree = "<group>"; };
		DA39FCEC26D7F75E003CE67A /* Nunito-ExtraBold.ttf */ = {isa = PBXFileReference; lastKnownFileType = file; path = "Nunito-ExtraBold.ttf"; sourceTree = "<group>"; };
		DA39FCED26D7F75E003CE67A /* Nunito-BlackItalic.ttf */ = {isa = PBXFileReference; lastKnownFileType = file; path = "Nunito-BlackItalic.ttf"; sourceTree = "<group>"; };
		DA39FCEE26D7F75E003CE67A /* OFL.txt */ = {isa = PBXFileReference; fileEncoding = 4; lastKnownFileType = text; path = OFL.txt; sourceTree = "<group>"; };
		DA39FCEF26D7F75E003CE67A /* Nunito-ExtraBoldItalic.ttf */ = {isa = PBXFileReference; lastKnownFileType = file; path = "Nunito-ExtraBoldItalic.ttf"; sourceTree = "<group>"; };
		DA39FCF026D7F75E003CE67A /* Nunito-Light.ttf */ = {isa = PBXFileReference; lastKnownFileType = file; path = "Nunito-Light.ttf"; sourceTree = "<group>"; };
		DA39FCF126D7F75E003CE67A /* Nunito-SemiBold.ttf */ = {isa = PBXFileReference; lastKnownFileType = file; path = "Nunito-SemiBold.ttf"; sourceTree = "<group>"; };
		DA39FCF226D7F75E003CE67A /* Nunito-Regular.ttf */ = {isa = PBXFileReference; lastKnownFileType = file; path = "Nunito-Regular.ttf"; sourceTree = "<group>"; };
		DA39FCF326D7F75E003CE67A /* Nunito-Italic.ttf */ = {isa = PBXFileReference; lastKnownFileType = file; path = "Nunito-Italic.ttf"; sourceTree = "<group>"; };
		DA39FCF426D7F75E003CE67A /* Nunito-Black.ttf */ = {isa = PBXFileReference; lastKnownFileType = file; path = "Nunito-Black.ttf"; sourceTree = "<group>"; };
		DA39FCF526D7F75E003CE67A /* Nunito-Bold.ttf */ = {isa = PBXFileReference; lastKnownFileType = file; path = "Nunito-Bold.ttf"; sourceTree = "<group>"; };
		DA39FCF626D7F75E003CE67A /* Nunito-BoldItalic.ttf */ = {isa = PBXFileReference; lastKnownFileType = file; path = "Nunito-BoldItalic.ttf"; sourceTree = "<group>"; };
		DA39FCF726D7F75E003CE67A /* Nunito-ExtraLight.ttf */ = {isa = PBXFileReference; lastKnownFileType = file; path = "Nunito-ExtraLight.ttf"; sourceTree = "<group>"; };
		DA39FCF826D7F75E003CE67A /* Nunito-ExtraLightItalic.ttf */ = {isa = PBXFileReference; lastKnownFileType = file; path = "Nunito-ExtraLightItalic.ttf"; sourceTree = "<group>"; };
		DA39FCF926D7F75E003CE67A /* Nunito-LightItalic.ttf */ = {isa = PBXFileReference; lastKnownFileType = file; path = "Nunito-LightItalic.ttf"; sourceTree = "<group>"; };
		DA39FCFA26D7F75E003CE67A /* Nunito-SemiBoldItalic.ttf */ = {isa = PBXFileReference; lastKnownFileType = file; path = "Nunito-SemiBoldItalic.ttf"; sourceTree = "<group>"; };
		DA39FD0B26D7F897003CE67A /* UIFont+.swift */ = {isa = PBXFileReference; lastKnownFileType = sourcecode.swift; path = "UIFont+.swift"; sourceTree = "<group>"; };
		DA39FD0D26D7FB9F003CE67A /* NewGameView.swift */ = {isa = PBXFileReference; lastKnownFileType = sourcecode.swift; path = NewGameView.swift; sourceTree = "<group>"; };
		DA39FD0F26D7FBEA003CE67A /* UILabel+.swift */ = {isa = PBXFileReference; lastKnownFileType = sourcecode.swift; path = "UILabel+.swift"; sourceTree = "<group>"; };
		DA39FD1126D7FE2D003CE67A /* UIView+.swift */ = {isa = PBXFileReference; lastKnownFileType = sourcecode.swift; path = "UIView+.swift"; sourceTree = "<group>"; };
		DA39FD1326D8C5C7003CE67A /* UIColor+.swift */ = {isa = PBXFileReference; lastKnownFileType = sourcecode.swift; path = "UIColor+.swift"; sourceTree = "<group>"; };
		DA39FD1C26D8CAAB003CE67A /* PushButton.swift */ = {isa = PBXFileReference; lastKnownFileType = sourcecode.swift; path = PushButton.swift; sourceTree = "<group>"; };
		DA39FD1E26D8CB50003CE67A /* UIImage+.swift */ = {isa = PBXFileReference; lastKnownFileType = sourcecode.swift; path = "UIImage+.swift"; sourceTree = "<group>"; };
		DA39FD2026D8CE94003CE67A /* CGFloat+.swift */ = {isa = PBXFileReference; lastKnownFileType = sourcecode.swift; path = "CGFloat+.swift"; sourceTree = "<group>"; };
		DA39FD2326D8D0AE003CE67A /* NewGamePlayerCell.swift */ = {isa = PBXFileReference; lastKnownFileType = sourcecode.swift; path = NewGamePlayerCell.swift; sourceTree = "<group>"; };
		DA39FD2526D8E4B2003CE67A /* SelfSizingTableView.swift */ = {isa = PBXFileReference; lastKnownFileType = sourcecode.swift; path = SelfSizingTableView.swift; sourceTree = "<group>"; };
		DA39FD2726D8EF97003CE67A /* UITableViewCell+.swift */ = {isa = PBXFileReference; lastKnownFileType = sourcecode.swift; path = "UITableViewCell+.swift"; sourceTree = "<group>"; };
		DA39FD2926D8FA13003CE67A /* NewGameViewModel.swift */ = {isa = PBXFileReference; lastKnownFileType = sourcecode.swift; path = NewGameViewModel.swift; sourceTree = "<group>"; };
/* End PBXFileReference section */

/* Begin PBXFrameworksBuildPhase section */
		DA39FCCD26D7EF08003CE67A /* Frameworks */ = {
			isa = PBXFrameworksBuildPhase;
			buildActionMask = 2147483647;
			files = (
			);
			runOnlyForDeploymentPostprocessing = 0;
		};
/* End PBXFrameworksBuildPhase section */

/* Begin PBXGroup section */
		BD86A98026DCF71900DD4C22 /* AddPlayer */ = {
			isa = PBXGroup;
			children = (
				BD86A98126DCF72A00DD4C22 /* AddPlayerViewController.swift */,
				BD86A98526DCF77F00DD4C22 /* AddPlayerView.swift */,
			);
			path = AddPlayer;
			sourceTree = "<group>";
		};
		BD86A98826DD068F00DD4C22 /* GameProcess */ = {
			isa = PBXGroup;
			children = (
				BD86A98926DD06C800DD4C22 /* GameProcessViewController.swift */,
				BD86A98D26DD072100DD4C22 /* GameProcessView.swift */,
			);
			path = GameProcess;
			sourceTree = "<group>";
		};
		DA39FCC726D7EF08003CE67A = {
			isa = PBXGroup;
			children = (
				DA39FCD226D7EF08003CE67A /* RSSchool_T10 */,
				DA39FCD126D7EF08003CE67A /* Products */,
			);
			sourceTree = "<group>";
		};
		DA39FCD126D7EF08003CE67A /* Products */ = {
			isa = PBXGroup;
			children = (
				DA39FCD026D7EF08003CE67A /* RSSchool_T10.app */,
			);
			name = Products;
			sourceTree = "<group>";
		};
		DA39FCD226D7EF08003CE67A /* RSSchool_T10 */ = {
			isa = PBXGroup;
			children = (
				DA39FD1B26D8CAA0003CE67A /* Helpers */,
				DA39FD0A26D7F889003CE67A /* Extensions */,
				DA39FCE726D7F693003CE67A /* Modules */,
				DA39FCD326D7EF08003CE67A /* AppDelegate.swift */,
				DA39FCDC26D7EF08003CE67A /* Assets.xcassets */,
				DA39FCDE26D7EF08003CE67A /* LaunchScreen.storyboard */,
				DA39FCE126D7EF08003CE67A /* Info.plist */,
				DA39FCEB26D7F749003CE67A /* Fonts */,
			);
			path = RSSchool_T10;
			sourceTree = "<group>";
		};
		DA39FCE726D7F693003CE67A /* Modules */ = {
			isa = PBXGroup;
			children = (
				BD86A98826DD068F00DD4C22 /* GameProcess */,
				BD86A98026DCF71900DD4C22 /* AddPlayer */,
				DA39FCE826D7F69C003CE67A /* NewGame */,
			);
			path = Modules;
			sourceTree = "<group>";
		};
		DA39FCE826D7F69C003CE67A /* NewGame */ = {
			isa = PBXGroup;
			children = (
				DA39FD2226D8D08C003CE67A /* Cells */,
				DA39FCE926D7F6B2003CE67A /* NewGameViewController.swift */,
				DA39FD0D26D7FB9F003CE67A /* NewGameView.swift */,
				DA39FD2926D8FA13003CE67A /* NewGameViewModel.swift */,
			);
			path = NewGame;
			sourceTree = "<group>";
		};
		DA39FCEB26D7F749003CE67A /* Fonts */ = {
			isa = PBXGroup;
			children = (
				DA39FCF426D7F75E003CE67A /* Nunito-Black.ttf */,
				DA39FCED26D7F75E003CE67A /* Nunito-BlackItalic.ttf */,
				DA39FCF526D7F75E003CE67A /* Nunito-Bold.ttf */,
				DA39FCF626D7F75E003CE67A /* Nunito-BoldItalic.ttf */,
				DA39FCEC26D7F75E003CE67A /* Nunito-ExtraBold.ttf */,
				DA39FCEF26D7F75E003CE67A /* Nunito-ExtraBoldItalic.ttf */,
				DA39FCF726D7F75E003CE67A /* Nunito-ExtraLight.ttf */,
				DA39FCF826D7F75E003CE67A /* Nunito-ExtraLightItalic.ttf */,
				DA39FCF326D7F75E003CE67A /* Nunito-Italic.ttf */,
				DA39FCF026D7F75E003CE67A /* Nunito-Light.ttf */,
				DA39FCF926D7F75E003CE67A /* Nunito-LightItalic.ttf */,
				DA39FCF226D7F75E003CE67A /* Nunito-Regular.ttf */,
				DA39FCF126D7F75E003CE67A /* Nunito-SemiBold.ttf */,
				DA39FCFA26D7F75E003CE67A /* Nunito-SemiBoldItalic.ttf */,
				DA39FCEE26D7F75E003CE67A /* OFL.txt */,
			);
			path = Fonts;
			sourceTree = "<group>";
		};
		DA39FD0A26D7F889003CE67A /* Extensions */ = {
			isa = PBXGroup;
			children = (
				DA39FD0B26D7F897003CE67A /* UIFont+.swift */,
				DA39FD0F26D7FBEA003CE67A /* UILabel+.swift */,
				DA39FD1126D7FE2D003CE67A /* UIView+.swift */,
				DA39FD1326D8C5C7003CE67A /* UIColor+.swift */,
				DA39FD1E26D8CB50003CE67A /* UIImage+.swift */,
				DA39FD2026D8CE94003CE67A /* CGFloat+.swift */,
				DA39FD2726D8EF97003CE67A /* UITableViewCell+.swift */,
				BD86A97C26DCEAC200DD4C22 /* UIViewController+.swift */,
			);
			path = Extensions;
			sourceTree = "<group>";
		};
		DA39FD1B26D8CAA0003CE67A /* Helpers */ = {
			isa = PBXGroup;
			children = (
				DA39FD1C26D8CAAB003CE67A /* PushButton.swift */,
				DA39FD2526D8E4B2003CE67A /* SelfSizingTableView.swift */,
			);
			path = Helpers;
			sourceTree = "<group>";
		};
		DA39FD2226D8D08C003CE67A /* Cells */ = {
			isa = PBXGroup;
			children = (
				DA39FD2326D8D0AE003CE67A /* NewGamePlayerCell.swift */,
			);
			path = Cells;
			sourceTree = "<group>";
		};
/* End PBXGroup section */

/* Begin PBXNativeTarget section */
		DA39FCCF26D7EF08003CE67A /* RSSchool_T10 */ = {
			isa = PBXNativeTarget;
			buildConfigurationList = DA39FCE426D7EF08003CE67A /* Build configuration list for PBXNativeTarget "RSSchool_T10" */;
			buildPhases = (
				DA39FCCC26D7EF08003CE67A /* Sources */,
				DA39FCCD26D7EF08003CE67A /* Frameworks */,
				DA39FCCE26D7EF08003CE67A /* Resources */,
			);
			buildRules = (
			);
			dependencies = (
			);
			name = RSSchool_T10;
			productName = RSSchool_T10;
			productReference = DA39FCD026D7EF08003CE67A /* RSSchool_T10.app */;
			productType = "com.apple.product-type.application";
		};
/* End PBXNativeTarget section */

/* Begin PBXProject section */
		DA39FCC826D7EF08003CE67A /* Project object */ = {
			isa = PBXProject;
			attributes = {
				LastSwiftUpdateCheck = 1250;
				LastUpgradeCheck = 1250;
				TargetAttributes = {
					DA39FCCF26D7EF08003CE67A = {
						CreatedOnToolsVersion = 12.5.1;
					};
				};
			};
			buildConfigurationList = DA39FCCB26D7EF08003CE67A /* Build configuration list for PBXProject "RSSchool_T10" */;
			compatibilityVersion = "Xcode 9.3";
			developmentRegion = en;
			hasScannedForEncodings = 0;
			knownRegions = (
				en,
				Base,
			);
			mainGroup = DA39FCC726D7EF08003CE67A;
			productRefGroup = DA39FCD126D7EF08003CE67A /* Products */;
			projectDirPath = "";
			projectRoot = "";
			targets = (
				DA39FCCF26D7EF08003CE67A /* RSSchool_T10 */,
			);
		};
/* End PBXProject section */

/* Begin PBXResourcesBuildPhase section */
		DA39FCCE26D7EF08003CE67A /* Resources */ = {
			isa = PBXResourcesBuildPhase;
			buildActionMask = 2147483647;
			files = (
				DA39FD0926D7F75E003CE67A /* Nunito-SemiBoldItalic.ttf in Resources */,
				DA39FD0026D7F75E003CE67A /* Nunito-SemiBold.ttf in Resources */,
				DA39FD0726D7F75E003CE67A /* Nunito-ExtraLightItalic.ttf in Resources */,
				DA39FD0626D7F75E003CE67A /* Nunito-ExtraLight.ttf in Resources */,
				DA39FD0226D7F75E003CE67A /* Nunito-Italic.ttf in Resources */,
				DA39FCFD26D7F75E003CE67A /* OFL.txt in Resources */,
				DA39FCFF26D7F75E003CE67A /* Nunito-Light.ttf in Resources */,
				DA39FCFB26D7F75E003CE67A /* Nunito-ExtraBold.ttf in Resources */,
				DA39FCE026D7EF08003CE67A /* LaunchScreen.storyboard in Resources */,
				DA39FD0326D7F75E003CE67A /* Nunito-Black.ttf in Resources */,
				DA39FCDD26D7EF08003CE67A /* Assets.xcassets in Resources */,
				DA39FD0826D7F75E003CE67A /* Nunito-LightItalic.ttf in Resources */,
				DA39FD0126D7F75E003CE67A /* Nunito-Regular.ttf in Resources */,
				DA39FCFC26D7F75E003CE67A /* Nunito-BlackItalic.ttf in Resources */,
				DA39FD0426D7F75E003CE67A /* Nunito-Bold.ttf in Resources */,
				DA39FCFE26D7F75E003CE67A /* Nunito-ExtraBoldItalic.ttf in Resources */,
				DA39FD0526D7F75E003CE67A /* Nunito-BoldItalic.ttf in Resources */,
			);
			runOnlyForDeploymentPostprocessing = 0;
		};
/* End PBXResourcesBuildPhase section */

/* Begin PBXSourcesBuildPhase section */
		DA39FCCC26D7EF08003CE67A /* Sources */ = {
			isa = PBXSourcesBuildPhase;
			buildActionMask = 2147483647;
			files = (
				DA39FD1226D7FE2D003CE67A /* UIView+.swift in Sources */,
				BD86A98E26DD072100DD4C22 /* GameProcessView.swift in Sources */,
				DA39FCD426D7EF08003CE67A /* AppDelegate.swift in Sources */,
				DA39FD0C26D7F897003CE67A /* UIFont+.swift in Sources */,
				DA39FD1026D7FBEA003CE67A /* UILabel+.swift in Sources */,
				DA39FD2126D8CE94003CE67A /* CGFloat+.swift in Sources */,
				DA39FD2A26D8FA13003CE67A /* NewGameViewModel.swift in Sources */,
				BD86A98A26DD06C800DD4C22 /* GameProcessViewController.swift in Sources */,
				DA39FD2426D8D0AE003CE67A /* NewGamePlayerCell.swift in Sources */,
				DA39FCEA26D7F6B2003CE67A /* NewGameViewController.swift in Sources */,
				DA39FD0E26D7FB9F003CE67A /* NewGameView.swift in Sources */,
				DA39FD1F26D8CB50003CE67A /* UIImage+.swift in Sources */,
				DA39FD2626D8E4B2003CE67A /* SelfSizingTableView.swift in Sources */,
				BD86A97D26DCEAC200DD4C22 /* UIViewController+.swift in Sources */,
				DA39FD1426D8C5C7003CE67A /* UIColor+.swift in Sources */,
				BD86A98226DCF72A00DD4C22 /* AddPlayerViewController.swift in Sources */,
				DA39FD1D26D8CAAB003CE67A /* PushButton.swift in Sources */,
				BD86A98626DCF77F00DD4C22 /* AddPlayerView.swift in Sources */,
				DA39FD2826D8EF97003CE67A /* UITableViewCell+.swift in Sources */,
			);
			runOnlyForDeploymentPostprocessing = 0;
		};
/* End PBXSourcesBuildPhase section */

/* Begin PBXVariantGroup section */
		DA39FCDE26D7EF08003CE67A /* LaunchScreen.storyboard */ = {
			isa = PBXVariantGroup;
			children = (
				DA39FCDF26D7EF08003CE67A /* Base */,
			);
			name = LaunchScreen.storyboard;
			sourceTree = "<group>";
		};
/* End PBXVariantGroup section */

/* Begin XCBuildConfiguration section */
		DA39FCE226D7EF08003CE67A /* Debug */ = {
			isa = XCBuildConfiguration;
			buildSettings = {
				ALWAYS_SEARCH_USER_PATHS = NO;
				CLANG_ANALYZER_NONNULL = YES;
				CLANG_ANALYZER_NUMBER_OBJECT_CONVERSION = YES_AGGRESSIVE;
				CLANG_CXX_LANGUAGE_STANDARD = "gnu++14";
				CLANG_CXX_LIBRARY = "libc++";
				CLANG_ENABLE_MODULES = YES;
				CLANG_ENABLE_OBJC_ARC = YES;
				CLANG_ENABLE_OBJC_WEAK = YES;
				CLANG_WARN_BLOCK_CAPTURE_AUTORELEASING = YES;
				CLANG_WARN_BOOL_CONVERSION = YES;
				CLANG_WARN_COMMA = YES;
				CLANG_WARN_CONSTANT_CONVERSION = YES;
				CLANG_WARN_DEPRECATED_OBJC_IMPLEMENTATIONS = YES;
				CLANG_WARN_DIRECT_OBJC_ISA_USAGE = YES_ERROR;
				CLANG_WARN_DOCUMENTATION_COMMENTS = YES;
				CLANG_WARN_EMPTY_BODY = YES;
				CLANG_WARN_ENUM_CONVERSION = YES;
				CLANG_WARN_INFINITE_RECURSION = YES;
				CLANG_WARN_INT_CONVERSION = YES;
				CLANG_WARN_NON_LITERAL_NULL_CONVERSION = YES;
				CLANG_WARN_OBJC_IMPLICIT_RETAIN_SELF = YES;
				CLANG_WARN_OBJC_LITERAL_CONVERSION = YES;
				CLANG_WARN_OBJC_ROOT_CLASS = YES_ERROR;
				CLANG_WARN_QUOTED_INCLUDE_IN_FRAMEWORK_HEADER = YES;
				CLANG_WARN_RANGE_LOOP_ANALYSIS = YES;
				CLANG_WARN_STRICT_PROTOTYPES = YES;
				CLANG_WARN_SUSPICIOUS_MOVE = YES;
				CLANG_WARN_UNGUARDED_AVAILABILITY = YES_AGGRESSIVE;
				CLANG_WARN_UNREACHABLE_CODE = YES;
				CLANG_WARN__DUPLICATE_METHOD_MATCH = YES;
				COPY_PHASE_STRIP = NO;
				DEBUG_INFORMATION_FORMAT = dwarf;
				ENABLE_STRICT_OBJC_MSGSEND = YES;
				ENABLE_TESTABILITY = YES;
				GCC_C_LANGUAGE_STANDARD = gnu11;
				GCC_DYNAMIC_NO_PIC = NO;
				GCC_NO_COMMON_BLOCKS = YES;
				GCC_OPTIMIZATION_LEVEL = 0;
				GCC_PREPROCESSOR_DEFINITIONS = (
					"DEBUG=1",
					"$(inherited)",
				);
				GCC_WARN_64_TO_32_BIT_CONVERSION = YES;
				GCC_WARN_ABOUT_RETURN_TYPE = YES_ERROR;
				GCC_WARN_UNDECLARED_SELECTOR = YES;
				GCC_WARN_UNINITIALIZED_AUTOS = YES_AGGRESSIVE;
				GCC_WARN_UNUSED_FUNCTION = YES;
				GCC_WARN_UNUSED_VARIABLE = YES;
				IPHONEOS_DEPLOYMENT_TARGET = 12.1;
				MTL_ENABLE_DEBUG_INFO = INCLUDE_SOURCE;
				MTL_FAST_MATH = YES;
				ONLY_ACTIVE_ARCH = YES;
				SDKROOT = iphoneos;
				SWIFT_ACTIVE_COMPILATION_CONDITIONS = DEBUG;
				SWIFT_OPTIMIZATION_LEVEL = "-Onone";
			};
			name = Debug;
		};
		DA39FCE326D7EF08003CE67A /* Release */ = {
			isa = XCBuildConfiguration;
			buildSettings = {
				ALWAYS_SEARCH_USER_PATHS = NO;
				CLANG_ANALYZER_NONNULL = YES;
				CLANG_ANALYZER_NUMBER_OBJECT_CONVERSION = YES_AGGRESSIVE;
				CLANG_CXX_LANGUAGE_STANDARD = "gnu++14";
				CLANG_CXX_LIBRARY = "libc++";
				CLANG_ENABLE_MODULES = YES;
				CLANG_ENABLE_OBJC_ARC = YES;
				CLANG_ENABLE_OBJC_WEAK = YES;
				CLANG_WARN_BLOCK_CAPTURE_AUTORELEASING = YES;
				CLANG_WARN_BOOL_CONVERSION = YES;
				CLANG_WARN_COMMA = YES;
				CLANG_WARN_CONSTANT_CONVERSION = YES;
				CLANG_WARN_DEPRECATED_OBJC_IMPLEMENTATIONS = YES;
				CLANG_WARN_DIRECT_OBJC_ISA_USAGE = YES_ERROR;
				CLANG_WARN_DOCUMENTATION_COMMENTS = YES;
				CLANG_WARN_EMPTY_BODY = YES;
				CLANG_WARN_ENUM_CONVERSION = YES;
				CLANG_WARN_INFINITE_RECURSION = YES;
				CLANG_WARN_INT_CONVERSION = YES;
				CLANG_WARN_NON_LITERAL_NULL_CONVERSION = YES;
				CLANG_WARN_OBJC_IMPLICIT_RETAIN_SELF = YES;
				CLANG_WARN_OBJC_LITERAL_CONVERSION = YES;
				CLANG_WARN_OBJC_ROOT_CLASS = YES_ERROR;
				CLANG_WARN_QUOTED_INCLUDE_IN_FRAMEWORK_HEADER = YES;
				CLANG_WARN_RANGE_LOOP_ANALYSIS = YES;
				CLANG_WARN_STRICT_PROTOTYPES = YES;
				CLANG_WARN_SUSPICIOUS_MOVE = YES;
				CLANG_WARN_UNGUARDED_AVAILABILITY = YES_AGGRESSIVE;
				CLANG_WARN_UNREACHABLE_CODE = YES;
				CLANG_WARN__DUPLICATE_METHOD_MATCH = YES;
				COPY_PHASE_STRIP = NO;
				DEBUG_INFORMATION_FORMAT = "dwarf-with-dsym";
				ENABLE_NS_ASSERTIONS = NO;
				ENABLE_STRICT_OBJC_MSGSEND = YES;
				GCC_C_LANGUAGE_STANDARD = gnu11;
				GCC_NO_COMMON_BLOCKS = YES;
				GCC_WARN_64_TO_32_BIT_CONVERSION = YES;
				GCC_WARN_ABOUT_RETURN_TYPE = YES_ERROR;
				GCC_WARN_UNDECLARED_SELECTOR = YES;
				GCC_WARN_UNINITIALIZED_AUTOS = YES_AGGRESSIVE;
				GCC_WARN_UNUSED_FUNCTION = YES;
				GCC_WARN_UNUSED_VARIABLE = YES;
				IPHONEOS_DEPLOYMENT_TARGET = 12.1;
				MTL_ENABLE_DEBUG_INFO = NO;
				MTL_FAST_MATH = YES;
				SDKROOT = iphoneos;
				SWIFT_COMPILATION_MODE = wholemodule;
				SWIFT_OPTIMIZATION_LEVEL = "-O";
				VALIDATE_PRODUCT = YES;
			};
			name = Release;
		};
		DA39FCE526D7EF08003CE67A /* Debug */ = {
			isa = XCBuildConfiguration;
			buildSettings = {
				ASSETCATALOG_COMPILER_APPICON_NAME = AppIcon;
				ASSETCATALOG_COMPILER_GLOBAL_ACCENT_COLOR_NAME = AccentColor;
				CODE_SIGN_STYLE = Automatic;
				DEVELOPMENT_TEAM = V343AH88RK;
				INFOPLIST_FILE = RSSchool_T10/Info.plist;
				LD_RUNPATH_SEARCH_PATHS = (
					"$(inherited)",
					"@executable_path/Frameworks",
				);
				PRODUCT_BUNDLE_IDENTIFIER = "RSTeam.RSSchool-T10";
				PRODUCT_NAME = "$(TARGET_NAME)";
				SWIFT_VERSION = 5.0;
				TARGETED_DEVICE_FAMILY = 1;
			};
			name = Debug;
		};
		DA39FCE626D7EF08003CE67A /* Release */ = {
			isa = XCBuildConfiguration;
			buildSettings = {
				ASSETCATALOG_COMPILER_APPICON_NAME = AppIcon;
				ASSETCATALOG_COMPILER_GLOBAL_ACCENT_COLOR_NAME = AccentColor;
				CODE_SIGN_STYLE = Automatic;
				DEVELOPMENT_TEAM = V343AH88RK;
				INFOPLIST_FILE = RSSchool_T10/Info.plist;
				LD_RUNPATH_SEARCH_PATHS = (
					"$(inherited)",
					"@executable_path/Frameworks",
				);
				PRODUCT_BUNDLE_IDENTIFIER = "RSTeam.RSSchool-T10";
				PRODUCT_NAME = "$(TARGET_NAME)";
				SWIFT_VERSION = 5.0;
				TARGETED_DEVICE_FAMILY = 1;
			};
			name = Release;
		};
/* End XCBuildConfiguration section */

/* Begin XCConfigurationList section */
		DA39FCCB26D7EF08003CE67A /* Build configuration list for PBXProject "RSSchool_T10" */ = {
			isa = XCConfigurationList;
			buildConfigurations = (
				DA39FCE226D7EF08003CE67A /* Debug */,
				DA39FCE326D7EF08003CE67A /* Release */,
			);
			defaultConfigurationIsVisible = 0;
			defaultConfigurationName = Release;
		};
		DA39FCE426D7EF08003CE67A /* Build configuration list for PBXNativeTarget "RSSchool_T10" */ = {
			isa = XCConfigurationList;
			buildConfigurations = (
				DA39FCE526D7EF08003CE67A /* Debug */,
				DA39FCE626D7EF08003CE67A /* Release */,
			);
			defaultConfigurationIsVisible = 0;
			defaultConfigurationName = Release;
		};
/* End XCConfigurationList section */
	};
	rootObject = DA39FCC826D7EF08003CE67A /* Project object */;
}
